
Microsoft Visual Studio Solution File, Format Version 12.00
# Visual Studio Version 16
VisualStudioVersion = 16.6.30114.105
MinimumVisualStudioVersion = 10.0.40219.1
Project("{2150E333-8FDC-42A3-9474-1A3956D46DE8}") = "ExternalApis", "ExternalApis", "{E5683E11-C013-4874-8160-3EF6AD717480}"
EndProject
Project("{2150E333-8FDC-42A3-9474-1A3956D46DE8}") = "Apps", "Apps", "{B0A70349-C30C-4658-8CAA-BBBE48023C09}"
EndProject
Project("{2150E333-8FDC-42A3-9474-1A3956D46DE8}") = "Libraries", "Libraries", "{D2E3A6FC-5975-479C-A788-DF988A2C34F3}"
ProjectSection(SolutionItems) = preProject
	README.md = README.md
EndProjectSection
EndProject
Project("{FAE04EC0-301F-11D3-BF4B-00C04F79EFBC}") = "OpenBanking.Library.Connector", "src\OpenBanking.Library.Connector\OpenBanking.Library.Connector.csproj", "{27118347-85B0-478A-80F7-30049AB03D12}"
EndProject
Project("{FAE04EC0-301F-11D3-BF4B-00C04F79EFBC}") = "OpenBanking.Library.Connector.GenericHost", "src\OpenBanking.Library.Connector.GenericHost\OpenBanking.Library.Connector.GenericHost.csproj", "{1C1859A3-B639-4167-8A8C-6D478D2A1C97}"
EndProject
Project("{FAE04EC0-301F-11D3-BF4B-00C04F79EFBC}") = "OpenBanking.Library.Connector.Azure", "src\OpenBanking.Library.Connector.Azure\OpenBanking.Library.Connector.Azure.csproj", "{7B6C1F6E-8BB8-4870-9244-EB40CDA85047}"
EndProject
Project("{2150E333-8FDC-42A3-9474-1A3956D46DE8}") = "Tests", "Tests", "{B9A1B4B0-39B3-4540-A60B-50F4E94587B1}"
EndProject
Project("{FAE04EC0-301F-11D3-BF4B-00C04F79EFBC}") = "OpenBanking.Library.Connector.BankTests", "test\OpenBanking.Library.Connector.BankTests\OpenBanking.Library.Connector.BankTests.csproj", "{B19AAE21-C034-4872-AECC-D6C247ADECDF}"
EndProject
Project("{FAE04EC0-301F-11D3-BF4B-00C04F79EFBC}") = "OpenBanking.Library.Connector.IntegrationTests", "test\OpenBanking.Library.Connector.IntegrationTests\OpenBanking.Library.Connector.IntegrationTests.csproj", "{2FAB174D-EC2A-4EB7-8567-7D228BE272CB}"
EndProject
Project("{FAE04EC0-301F-11D3-BF4B-00C04F79EFBC}") = "OpenBanking.Library.Connector.UnitTests", "test\OpenBanking.Library.Connector.UnitTests\OpenBanking.Library.Connector.UnitTests.csproj", "{A2BC8CF0-148F-4D18-989A-04AA0C282A98}"
EndProject
Project("{FAE04EC0-301F-11D3-BF4B-00C04F79EFBC}") = "OpenBanking.Library.Connector.Benchmarks", "test\OpenBanking.Library.Connector.Benchmarks\OpenBanking.Library.Connector.Benchmarks.csproj", "{3E1773EC-58F7-4852-9645-D064A1463F94}"
EndProject
Project("{FAE04EC0-301F-11D3-BF4B-00C04F79EFBC}") = "OpenBanking.Library.Connector.WebHost", "src\OpenBanking.Library.Connector.WebHost\OpenBanking.Library.Connector.WebHost.csproj", "{E9A34AE4-2A61-4040-8BC1-4B4B806700A7}"
EndProject
Project("{FAE04EC0-301F-11D3-BF4B-00C04F79EFBC}") = "OpenBanking.Library.Connector.BankProfiles", "src\OpenBanking.Library.Connector.BankProfiles\OpenBanking.Library.Connector.BankProfiles.csproj", "{CD78E88C-1DB3-4E5C-BA98-A6943C385A68}"
EndProject
Project("{FAE04EC0-301F-11D3-BF4B-00C04F79EFBC}") = "OpenBanking.WebApp.Connector.Sample", "src\OpenBanking.WebApp.Connector.Sample\OpenBanking.WebApp.Connector.Sample.csproj", "{60520745-0F99-46C2-B580-E84180CBB4FE}"
EndProject
Project("{FAE04EC0-301F-11D3-BF4B-00C04F79EFBC}") = "OpenBanking.Library.Connector.UkRwApi.V3p1p2.PaymentInitiation", "src\OpenBanking.Library.Connector.UkRwApi.V3p1p2.PaymentInitiation\OpenBanking.Library.Connector.UkRwApi.V3p1p2.PaymentInitiation.csproj", "{08A35160-38CD-4389-98DB-8C4D7F61E3A2}"
EndProject
Project("{FAE04EC0-301F-11D3-BF4B-00C04F79EFBC}") = "OpenBanking.Library.Connector.UkRwApi.V3p1p4.PaymentInitiation", "src\OpenBanking.Library.Connector.UkRwApi.V3p1p4.PaymentInitiation\OpenBanking.Library.Connector.UkRwApi.V3p1p4.PaymentInitiation.csproj", "{377B0061-0A42-41F5-A78F-D88020F2CAB5}"
EndProject
Project("{FAE04EC0-301F-11D3-BF4B-00C04F79EFBC}") = "OpenBanking.Library.Connector.UkRwApi.V3p1p6.PaymentInitiation", "src\OpenBanking.Library.Connector.UkRwApi.V3p1p6.PaymentInitiation\OpenBanking.Library.Connector.UkRwApi.V3p1p6.PaymentInitiation.csproj", "{0379D472-D2A1-4D49-9DB0-E6D3550D778B}"
EndProject
Project("{FAE04EC0-301F-11D3-BF4B-00C04F79EFBC}") = "OpenBanking.Library.Connector.ExternalApiBase", "src\OpenBanking.Library.Connector.ExternalApiBase\OpenBanking.Library.Connector.ExternalApiBase.csproj", "{04072B15-C213-498E-9818-F28AA9F2D847}"
EndProject
Project("{FAE04EC0-301F-11D3-BF4B-00C04F79EFBC}") = "OpenBanking.Library.BankApiModels", "src\OpenBanking.Library.BankApiModels\OpenBanking.Library.BankApiModels.csproj", "{12482C03-0237-423D-8FA7-2266F59D711B}"
EndProject
Global
	GlobalSection(SolutionConfigurationPlatforms) = preSolution
		Debug|Any CPU = Debug|Any CPU
		Release|Any CPU = Release|Any CPU
	EndGlobalSection
	GlobalSection(SolutionProperties) = preSolution
		HideSolutionNode = FALSE
	EndGlobalSection
	GlobalSection(ProjectConfigurationPlatforms) = postSolution
		{27118347-85B0-478A-80F7-30049AB03D12}.Debug|Any CPU.ActiveCfg = Debug|Any CPU
		{27118347-85B0-478A-80F7-30049AB03D12}.Debug|Any CPU.Build.0 = Debug|Any CPU
		{27118347-85B0-478A-80F7-30049AB03D12}.Release|Any CPU.ActiveCfg = Release|Any CPU
		{27118347-85B0-478A-80F7-30049AB03D12}.Release|Any CPU.Build.0 = Release|Any CPU
		{1C1859A3-B639-4167-8A8C-6D478D2A1C97}.Debug|Any CPU.ActiveCfg = Debug|Any CPU
		{1C1859A3-B639-4167-8A8C-6D478D2A1C97}.Debug|Any CPU.Build.0 = Debug|Any CPU
		{1C1859A3-B639-4167-8A8C-6D478D2A1C97}.Release|Any CPU.ActiveCfg = Release|Any CPU
		{1C1859A3-B639-4167-8A8C-6D478D2A1C97}.Release|Any CPU.Build.0 = Release|Any CPU
		{7B6C1F6E-8BB8-4870-9244-EB40CDA85047}.Debug|Any CPU.ActiveCfg = Debug|Any CPU
		{7B6C1F6E-8BB8-4870-9244-EB40CDA85047}.Debug|Any CPU.Build.0 = Debug|Any CPU
		{7B6C1F6E-8BB8-4870-9244-EB40CDA85047}.Release|Any CPU.ActiveCfg = Release|Any CPU
		{7B6C1F6E-8BB8-4870-9244-EB40CDA85047}.Release|Any CPU.Build.0 = Release|Any CPU
		{B19AAE21-C034-4872-AECC-D6C247ADECDF}.Debug|Any CPU.ActiveCfg = Debug|Any CPU
		{B19AAE21-C034-4872-AECC-D6C247ADECDF}.Debug|Any CPU.Build.0 = Debug|Any CPU
		{B19AAE21-C034-4872-AECC-D6C247ADECDF}.Release|Any CPU.ActiveCfg = Release|Any CPU
		{B19AAE21-C034-4872-AECC-D6C247ADECDF}.Release|Any CPU.Build.0 = Release|Any CPU
		{2FAB174D-EC2A-4EB7-8567-7D228BE272CB}.Debug|Any CPU.ActiveCfg = Debug|Any CPU
		{2FAB174D-EC2A-4EB7-8567-7D228BE272CB}.Debug|Any CPU.Build.0 = Debug|Any CPU
		{2FAB174D-EC2A-4EB7-8567-7D228BE272CB}.Release|Any CPU.ActiveCfg = Release|Any CPU
		{2FAB174D-EC2A-4EB7-8567-7D228BE272CB}.Release|Any CPU.Build.0 = Release|Any CPU
		{A2BC8CF0-148F-4D18-989A-04AA0C282A98}.Debug|Any CPU.ActiveCfg = Debug|Any CPU
		{A2BC8CF0-148F-4D18-989A-04AA0C282A98}.Debug|Any CPU.Build.0 = Debug|Any CPU
		{A2BC8CF0-148F-4D18-989A-04AA0C282A98}.Release|Any CPU.ActiveCfg = Release|Any CPU
		{A2BC8CF0-148F-4D18-989A-04AA0C282A98}.Release|Any CPU.Build.0 = Release|Any CPU
		{3E1773EC-58F7-4852-9645-D064A1463F94}.Debug|Any CPU.ActiveCfg = Debug|Any CPU
		{3E1773EC-58F7-4852-9645-D064A1463F94}.Debug|Any CPU.Build.0 = Debug|Any CPU
		{3E1773EC-58F7-4852-9645-D064A1463F94}.Release|Any CPU.ActiveCfg = Release|Any CPU
		{3E1773EC-58F7-4852-9645-D064A1463F94}.Release|Any CPU.Build.0 = Release|Any CPU
		{E9A34AE4-2A61-4040-8BC1-4B4B806700A7}.Debug|Any CPU.ActiveCfg = Debug|Any CPU
		{E9A34AE4-2A61-4040-8BC1-4B4B806700A7}.Debug|Any CPU.Build.0 = Debug|Any CPU
		{E9A34AE4-2A61-4040-8BC1-4B4B806700A7}.Release|Any CPU.ActiveCfg = Release|Any CPU
		{E9A34AE4-2A61-4040-8BC1-4B4B806700A7}.Release|Any CPU.Build.0 = Release|Any CPU
		{CD78E88C-1DB3-4E5C-BA98-A6943C385A68}.Debug|Any CPU.ActiveCfg = Debug|Any CPU
		{CD78E88C-1DB3-4E5C-BA98-A6943C385A68}.Debug|Any CPU.Build.0 = Debug|Any CPU
		{CD78E88C-1DB3-4E5C-BA98-A6943C385A68}.Release|Any CPU.ActiveCfg = Release|Any CPU
		{CD78E88C-1DB3-4E5C-BA98-A6943C385A68}.Release|Any CPU.Build.0 = Release|Any CPU
		{60520745-0F99-46C2-B580-E84180CBB4FE}.Debug|Any CPU.ActiveCfg = Debug|Any CPU
		{60520745-0F99-46C2-B580-E84180CBB4FE}.Debug|Any CPU.Build.0 = Debug|Any CPU
		{60520745-0F99-46C2-B580-E84180CBB4FE}.Release|Any CPU.ActiveCfg = Release|Any CPU
		{60520745-0F99-46C2-B580-E84180CBB4FE}.Release|Any CPU.Build.0 = Release|Any CPU
		{08A35160-38CD-4389-98DB-8C4D7F61E3A2}.Debug|Any CPU.ActiveCfg = Debug|Any CPU
		{08A35160-38CD-4389-98DB-8C4D7F61E3A2}.Debug|Any CPU.Build.0 = Debug|Any CPU
		{08A35160-38CD-4389-98DB-8C4D7F61E3A2}.Release|Any CPU.ActiveCfg = Release|Any CPU
		{08A35160-38CD-4389-98DB-8C4D7F61E3A2}.Release|Any CPU.Build.0 = Release|Any CPU
		{377B0061-0A42-41F5-A78F-D88020F2CAB5}.Debug|Any CPU.ActiveCfg = Debug|Any CPU
		{377B0061-0A42-41F5-A78F-D88020F2CAB5}.Debug|Any CPU.Build.0 = Debug|Any CPU
		{377B0061-0A42-41F5-A78F-D88020F2CAB5}.Release|Any CPU.ActiveCfg = Release|Any CPU
		{377B0061-0A42-41F5-A78F-D88020F2CAB5}.Release|Any CPU.Build.0 = Release|Any CPU
		{0379D472-D2A1-4D49-9DB0-E6D3550D778B}.Debug|Any CPU.ActiveCfg = Debug|Any CPU
		{0379D472-D2A1-4D49-9DB0-E6D3550D778B}.Debug|Any CPU.Build.0 = Debug|Any CPU
		{0379D472-D2A1-4D49-9DB0-E6D3550D778B}.Release|Any CPU.ActiveCfg = Release|Any CPU
		{0379D472-D2A1-4D49-9DB0-E6D3550D778B}.Release|Any CPU.Build.0 = Release|Any CPU
		{04072B15-C213-498E-9818-F28AA9F2D847}.Debug|Any CPU.ActiveCfg = Debug|Any CPU
		{04072B15-C213-498E-9818-F28AA9F2D847}.Debug|Any CPU.Build.0 = Debug|Any CPU
		{04072B15-C213-498E-9818-F28AA9F2D847}.Release|Any CPU.ActiveCfg = Release|Any CPU
		{04072B15-C213-498E-9818-F28AA9F2D847}.Release|Any CPU.Build.0 = Release|Any CPU
		{12482C03-0237-423D-8FA7-2266F59D711B}.Debug|Any CPU.ActiveCfg = Debug|Any CPU
		{12482C03-0237-423D-8FA7-2266F59D711B}.Debug|Any CPU.Build.0 = Debug|Any CPU
		{12482C03-0237-423D-8FA7-2266F59D711B}.Release|Any CPU.ActiveCfg = Release|Any CPU
		{12482C03-0237-423D-8FA7-2266F59D711B}.Release|Any CPU.Build.0 = Release|Any CPU
	EndGlobalSection
	GlobalSection(NestedProjects) = preSolution
		{27118347-85B0-478A-80F7-30049AB03D12} = {D2E3A6FC-5975-479C-A788-DF988A2C34F3}
		{1C1859A3-B639-4167-8A8C-6D478D2A1C97} = {D2E3A6FC-5975-479C-A788-DF988A2C34F3}
		{7B6C1F6E-8BB8-4870-9244-EB40CDA85047} = {D2E3A6FC-5975-479C-A788-DF988A2C34F3}
		{B19AAE21-C034-4872-AECC-D6C247ADECDF} = {B9A1B4B0-39B3-4540-A60B-50F4E94587B1}
		{2FAB174D-EC2A-4EB7-8567-7D228BE272CB} = {B9A1B4B0-39B3-4540-A60B-50F4E94587B1}
		{A2BC8CF0-148F-4D18-989A-04AA0C282A98} = {B9A1B4B0-39B3-4540-A60B-50F4E94587B1}
		{3E1773EC-58F7-4852-9645-D064A1463F94} = {B9A1B4B0-39B3-4540-A60B-50F4E94587B1}
		{E9A34AE4-2A61-4040-8BC1-4B4B806700A7} = {D2E3A6FC-5975-479C-A788-DF988A2C34F3}
		{CD78E88C-1DB3-4E5C-BA98-A6943C385A68} = {D2E3A6FC-5975-479C-A788-DF988A2C34F3}
		{60520745-0F99-46C2-B580-E84180CBB4FE} = {B0A70349-C30C-4658-8CAA-BBBE48023C09}
		{08A35160-38CD-4389-98DB-8C4D7F61E3A2} = {E5683E11-C013-4874-8160-3EF6AD717480}
		{377B0061-0A42-41F5-A78F-D88020F2CAB5} = {E5683E11-C013-4874-8160-3EF6AD717480}
		{0379D472-D2A1-4D49-9DB0-E6D3550D778B} = {E5683E11-C013-4874-8160-3EF6AD717480}
		{04072B15-C213-498E-9818-F28AA9F2D847} = {E5683E11-C013-4874-8160-3EF6AD717480}
		{12482C03-0237-423D-8FA7-2266F59D711B} = {D2E3A6FC-5975-479C-A788-DF988A2C34F3}
	EndGlobalSection
EndGlobal
