
Microsoft Visual Studio Solution File, Format Version 12.00
# Visual Studio Version 16
VisualStudioVersion = 16.0.29123.88
MinimumVisualStudioVersion = 10.0.40219.1
Project("{2150E333-8FDC-42A3-9474-1A3956D46DE8}") = "Main", "Main", "{61547328-A31D-4347-A5DA-9508ACD30976}"
EndProject
Project("{2150E333-8FDC-42A3-9474-1A3956D46DE8}") = "Solution Items", "Solution Items", "{82C700DD-6406-493D-8B30-461935430CDB}"
	ProjectSection(SolutionItems) = preProject
		README.md = README.md
	EndProjectSection
EndProject
Project("{2150E333-8FDC-42A3-9474-1A3956D46DE8}") = "Tests", "Tests", "{77ADDE55-61CD-4150-99EC-3348E752B70A}"
EndProject
Project("{2150E333-8FDC-42A3-9474-1A3956D46DE8}") = "Benchmarks", "Benchmarks", "{76A3A07A-4089-4D59-ADEE-9980F8F8E2AB}"
EndProject
Project("{2150E333-8FDC-42A3-9474-1A3956D46DE8}") = "UnitTests", "UnitTests", "{3576F9D1-9A6C-49B2-83A7-25782C3B505E}"
EndProject
Project("{2150E333-8FDC-42A3-9474-1A3956D46DE8}") = "IntegrationTests", "IntegrationTests", "{CA4EE3F7-1982-4EEA-8D10-45AC4AB32027}"
EndProject
Project("{9A19103F-16F7-4668-BE54-9A1E7A4F7556}") = "OpenBanking.Library.Connector", "src\OpenBanking.Library.Connector\OpenBanking.Library.Connector.csproj", "{B58E9B57-918A-4947-81A3-7297F9F0DD35}"
EndProject
Project("{9A19103F-16F7-4668-BE54-9A1E7A4F7556}") = "OpenBanking.Library.Connector.Benchmarks", "test\benchmarks\OpenBanking.Library.Connector.Benchmarks\OpenBanking.Library.Connector.Benchmarks.csproj", "{184AC674-564C-4734-9D1F-0609950CCFBC}"
EndProject
Project("{9A19103F-16F7-4668-BE54-9A1E7A4F7556}") = "OpenBanking.Library.Connector.AspNetCore", "src\OpenBanking.Library.Connector.AspNetCore\OpenBanking.Library.Connector.AspNetCore.csproj", "{16BDB497-A478-498C-A8D8-30F2161B3DEA}"
EndProject
Project("{9A19103F-16F7-4668-BE54-9A1E7A4F7556}") = "OpenBanking.Library.Connector.Azure", "src\OpenBanking.Library.Connector.Azure\OpenBanking.Library.Connector.Azure.csproj", "{6B10D427-8527-489F-8C02-55B4B2B566C4}"
EndProject
Project("{9A19103F-16F7-4668-BE54-9A1E7A4F7556}") = "OpenBanking.WebApp.Connector.Sample", "src\OpenBanking.WebApp.Connector.Sample\OpenBanking.WebApp.Connector.Sample.csproj", "{733AE026-6B0C-4B17-8C15-92C590FDCE5E}"
EndProject
Project("{9A19103F-16F7-4668-BE54-9A1E7A4F7556}") = "OpenBanking.Library.Connector.ObModels.PaymentInitiation", "src\OpenBanking.Library.Connector.ObModels.PaymentInitiation\OpenBanking.Library.Connector.ObModels.PaymentInitiation.csproj", "{8AC41121-7AFF-48D4-8494-E0DE64A7368A}"
EndProject
Project("{9A19103F-16F7-4668-BE54-9A1E7A4F7556}") = "OpenBanking.Library.Connector.ObModels.PaymentInitiation.V3p1p2", "src\OpenBanking.Library.Connector.ObModels.PaymentInitiation.V3p1p2\OpenBanking.Library.Connector.ObModels.PaymentInitiation.V3p1p2.csproj", "{465F6D9F-6D5C-4AA9-B7FD-4410DC7663E1}"
EndProject
Project("{9A19103F-16F7-4668-BE54-9A1E7A4F7556}") = "OpenBanking.Library.Connector.ObModels.PaymentInitiation.V3p1p1", "src\OpenBanking.Library.Connector.ObModels.PaymentInitiation.V3p1p1\OpenBanking.Library.Connector.ObModels.PaymentInitiation.V3p1p1.csproj", "{303AE3CD-5D7E-4B30-A3CB-B5998DC36E4C}"
EndProject
Project("{9A19103F-16F7-4668-BE54-9A1E7A4F7556}") = "OpenBanking.Library.Connector.UnitTests", "test\unit-tests\OpenBanking.Library.Connector.UnitTests\OpenBanking.Library.Connector.UnitTests.csproj", "{F21A32B3-83E9-405F-A75B-C3A8B5DFF3F0}"
EndProject
Project("{9A19103F-16F7-4668-BE54-9A1E7A4F7556}") = "OpenBanking.Library.Connector.IntegrationTests", "test\integration-tests\OpenBanking.Library.Connector.IntegrationTests\OpenBanking.Library.Connector.IntegrationTests.csproj", "{A28EEF06-C50F-47C9-A951-3CC11F92CE7D}"
EndProject
Project("{9A19103F-16F7-4668-BE54-9A1E7A4F7556}") = "OpenBankingConnector.Configuration", "src\OpenBankingConnector.Configuration\OpenBankingConnector.Configuration.csproj", "{07860F22-0828-46F8-988A-9DF51A6F1CDE}"
EndProject
Global
	GlobalSection(SolutionConfigurationPlatforms) = preSolution
		Debug|Any CPU = Debug|Any CPU
		Release|Any CPU = Release|Any CPU
	EndGlobalSection
	GlobalSection(ProjectConfigurationPlatforms) = postSolution
		{B58E9B57-918A-4947-81A3-7297F9F0DD35}.Debug|Any CPU.ActiveCfg = Debug|Any CPU
		{B58E9B57-918A-4947-81A3-7297F9F0DD35}.Debug|Any CPU.Build.0 = Debug|Any CPU
		{B58E9B57-918A-4947-81A3-7297F9F0DD35}.Release|Any CPU.ActiveCfg = Release|Any CPU
		{B58E9B57-918A-4947-81A3-7297F9F0DD35}.Release|Any CPU.Build.0 = Release|Any CPU
		{184AC674-564C-4734-9D1F-0609950CCFBC}.Debug|Any CPU.ActiveCfg = Debug|Any CPU
		{184AC674-564C-4734-9D1F-0609950CCFBC}.Debug|Any CPU.Build.0 = Debug|Any CPU
		{184AC674-564C-4734-9D1F-0609950CCFBC}.Release|Any CPU.ActiveCfg = Release|Any CPU
		{184AC674-564C-4734-9D1F-0609950CCFBC}.Release|Any CPU.Build.0 = Release|Any CPU
		{16BDB497-A478-498C-A8D8-30F2161B3DEA}.Debug|Any CPU.ActiveCfg = Debug|Any CPU
		{16BDB497-A478-498C-A8D8-30F2161B3DEA}.Debug|Any CPU.Build.0 = Debug|Any CPU
		{16BDB497-A478-498C-A8D8-30F2161B3DEA}.Release|Any CPU.ActiveCfg = Release|Any CPU
		{16BDB497-A478-498C-A8D8-30F2161B3DEA}.Release|Any CPU.Build.0 = Release|Any CPU
		{6B10D427-8527-489F-8C02-55B4B2B566C4}.Debug|Any CPU.ActiveCfg = Debug|Any CPU
		{6B10D427-8527-489F-8C02-55B4B2B566C4}.Debug|Any CPU.Build.0 = Debug|Any CPU
		{6B10D427-8527-489F-8C02-55B4B2B566C4}.Release|Any CPU.ActiveCfg = Release|Any CPU
		{6B10D427-8527-489F-8C02-55B4B2B566C4}.Release|Any CPU.Build.0 = Release|Any CPU
		{733AE026-6B0C-4B17-8C15-92C590FDCE5E}.Debug|Any CPU.ActiveCfg = Debug|Any CPU
		{733AE026-6B0C-4B17-8C15-92C590FDCE5E}.Debug|Any CPU.Build.0 = Debug|Any CPU
		{733AE026-6B0C-4B17-8C15-92C590FDCE5E}.Release|Any CPU.ActiveCfg = Release|Any CPU
		{733AE026-6B0C-4B17-8C15-92C590FDCE5E}.Release|Any CPU.Build.0 = Release|Any CPU
		{8AC41121-7AFF-48D4-8494-E0DE64A7368A}.Debug|Any CPU.ActiveCfg = Debug|Any CPU
		{8AC41121-7AFF-48D4-8494-E0DE64A7368A}.Debug|Any CPU.Build.0 = Debug|Any CPU
		{8AC41121-7AFF-48D4-8494-E0DE64A7368A}.Release|Any CPU.ActiveCfg = Release|Any CPU
		{8AC41121-7AFF-48D4-8494-E0DE64A7368A}.Release|Any CPU.Build.0 = Release|Any CPU
		{465F6D9F-6D5C-4AA9-B7FD-4410DC7663E1}.Debug|Any CPU.ActiveCfg = Debug|Any CPU
		{465F6D9F-6D5C-4AA9-B7FD-4410DC7663E1}.Debug|Any CPU.Build.0 = Debug|Any CPU
		{465F6D9F-6D5C-4AA9-B7FD-4410DC7663E1}.Release|Any CPU.ActiveCfg = Release|Any CPU
		{465F6D9F-6D5C-4AA9-B7FD-4410DC7663E1}.Release|Any CPU.Build.0 = Release|Any CPU
		{303AE3CD-5D7E-4B30-A3CB-B5998DC36E4C}.Debug|Any CPU.ActiveCfg = Debug|Any CPU
		{303AE3CD-5D7E-4B30-A3CB-B5998DC36E4C}.Debug|Any CPU.Build.0 = Debug|Any CPU
		{303AE3CD-5D7E-4B30-A3CB-B5998DC36E4C}.Release|Any CPU.ActiveCfg = Release|Any CPU
		{303AE3CD-5D7E-4B30-A3CB-B5998DC36E4C}.Release|Any CPU.Build.0 = Release|Any CPU
		{F21A32B3-83E9-405F-A75B-C3A8B5DFF3F0}.Debug|Any CPU.ActiveCfg = Debug|Any CPU
		{F21A32B3-83E9-405F-A75B-C3A8B5DFF3F0}.Debug|Any CPU.Build.0 = Debug|Any CPU
		{F21A32B3-83E9-405F-A75B-C3A8B5DFF3F0}.Release|Any CPU.ActiveCfg = Release|Any CPU
		{F21A32B3-83E9-405F-A75B-C3A8B5DFF3F0}.Release|Any CPU.Build.0 = Release|Any CPU
		{A28EEF06-C50F-47C9-A951-3CC11F92CE7D}.Debug|Any CPU.ActiveCfg = Debug|Any CPU
		{A28EEF06-C50F-47C9-A951-3CC11F92CE7D}.Debug|Any CPU.Build.0 = Debug|Any CPU
		{A28EEF06-C50F-47C9-A951-3CC11F92CE7D}.Release|Any CPU.ActiveCfg = Release|Any CPU
		{A28EEF06-C50F-47C9-A951-3CC11F92CE7D}.Release|Any CPU.Build.0 = Release|Any CPU
		{07860F22-0828-46F8-988A-9DF51A6F1CDE}.Debug|Any CPU.ActiveCfg = Debug|Any CPU
		{07860F22-0828-46F8-988A-9DF51A6F1CDE}.Debug|Any CPU.Build.0 = Debug|Any CPU
		{07860F22-0828-46F8-988A-9DF51A6F1CDE}.Release|Any CPU.ActiveCfg = Release|Any CPU
		{07860F22-0828-46F8-988A-9DF51A6F1CDE}.Release|Any CPU.Build.0 = Release|Any CPU
	EndGlobalSection
	GlobalSection(SolutionProperties) = preSolution
		HideSolutionNode = FALSE
	EndGlobalSection
	GlobalSection(NestedProjects) = preSolution
		{76A3A07A-4089-4D59-ADEE-9980F8F8E2AB} = {77ADDE55-61CD-4150-99EC-3348E752B70A}
		{3576F9D1-9A6C-49B2-83A7-25782C3B505E} = {77ADDE55-61CD-4150-99EC-3348E752B70A}
		{CA4EE3F7-1982-4EEA-8D10-45AC4AB32027} = {77ADDE55-61CD-4150-99EC-3348E752B70A}
		{B58E9B57-918A-4947-81A3-7297F9F0DD35} = {61547328-A31D-4347-A5DA-9508ACD30976}
		{184AC674-564C-4734-9D1F-0609950CCFBC} = {76A3A07A-4089-4D59-ADEE-9980F8F8E2AB}
		{16BDB497-A478-498C-A8D8-30F2161B3DEA} = {61547328-A31D-4347-A5DA-9508ACD30976}
		{6B10D427-8527-489F-8C02-55B4B2B566C4} = {61547328-A31D-4347-A5DA-9508ACD30976}
		{733AE026-6B0C-4B17-8C15-92C590FDCE5E} = {61547328-A31D-4347-A5DA-9508ACD30976}
		{8AC41121-7AFF-48D4-8494-E0DE64A7368A} = {61547328-A31D-4347-A5DA-9508ACD30976}
		{465F6D9F-6D5C-4AA9-B7FD-4410DC7663E1} = {61547328-A31D-4347-A5DA-9508ACD30976}
		{303AE3CD-5D7E-4B30-A3CB-B5998DC36E4C} = {61547328-A31D-4347-A5DA-9508ACD30976}
		{F21A32B3-83E9-405F-A75B-C3A8B5DFF3F0} = {3576F9D1-9A6C-49B2-83A7-25782C3B505E}
		{A28EEF06-C50F-47C9-A951-3CC11F92CE7D} = {CA4EE3F7-1982-4EEA-8D10-45AC4AB32027}
		{07860F22-0828-46F8-988A-9DF51A6F1CDE} = {61547328-A31D-4347-A5DA-9508ACD30976}
	EndGlobalSection
	GlobalSection(ExtensibilityGlobals) = postSolution
		SolutionGuid = {C5300F4B-F7BB-4404-9CD1-6C24FA33F834}
	EndGlobalSection
EndGlobal
